
Microsoft Visual Studio Solution File, Format Version 12.00
# Visual Studio 15
VisualStudioVersion = 15.0.28307.271
MinimumVisualStudioVersion = 10.0.40219.1
Project("{FAE04EC0-301F-11D3-BF4B-00C04F79EFBC}") = "E-CommerceCloset", "E-CommerceCloset\E-CommerceCloset.csproj", "{CE25BEEC-8D62-4BB0-A88D-FF94D64F4A33}"
EndProject
Global
	GlobalSection(SolutionConfigurationPlatforms) = preSolution
		Debug|Any CPU = Debug|Any CPU
		Release|Any CPU = Release|Any CPU
	EndGlobalSection
	GlobalSection(ProjectConfigurationPlatforms) = postSolution
		{CE25BEEC-8D62-4BB0-A88D-FF94D64F4A33}.Debug|Any CPU.ActiveCfg = Debug|Any CPU
		{CE25BEEC-8D62-4BB0-A88D-FF94D64F4A33}.Debug|Any CPU.Build.0 = Debug|Any CPU
		{CE25BEEC-8D62-4BB0-A88D-FF94D64F4A33}.Release|Any CPU.ActiveCfg = Release|Any CPU
		{CE25BEEC-8D62-4BB0-A88D-FF94D64F4A33}.Release|Any CPU.Build.0 = Release|Any CPU
	EndGlobalSection
	GlobalSection(SolutionProperties) = preSolution
		HideSolutionNode = FALSE
	EndGlobalSection
	GlobalSection(ExtensibilityGlobals) = postSolution
		SolutionGuid = {181A57DB-AB04-4844-9243-DC7D6040327A}
	EndGlobalSection
EndGlobal
